
Microsoft Visual Studio Solution File, Format Version 12.00
# Visual Studio Version 17
VisualStudioVersion = 17.5.33627.172
MinimumVisualStudioVersion = 10.0.40219.1
Project("{FAE04EC0-301F-11D3-BF4B-00C04F79EFBC}") = "ConsolaApp", "ConsolaApp.csproj", "{8BABF2C0-9D77-4BFF-911C-D18E52AD5401}"
EndProject
Global
	GlobalSection(SolutionConfigurationPlatforms) = preSolution
		Debug|Any CPU = Debug|Any CPU
		Release|Any CPU = Release|Any CPU
	EndGlobalSection
	GlobalSection(ProjectConfigurationPlatforms) = postSolution
		{8BABF2C0-9D77-4BFF-911C-D18E52AD5401}.Debug|Any CPU.ActiveCfg = Debug|Any CPU
		{8BABF2C0-9D77-4BFF-911C-D18E52AD5401}.Debug|Any CPU.Build.0 = Debug|Any CPU
		{8BABF2C0-9D77-4BFF-911C-D18E52AD5401}.Release|Any CPU.ActiveCfg = Release|Any CPU
		{8BABF2C0-9D77-4BFF-911C-D18E52AD5401}.Release|Any CPU.Build.0 = Release|Any CPU
	EndGlobalSection
	GlobalSection(SolutionProperties) = preSolution
		HideSolutionNode = FALSE
	EndGlobalSection
	GlobalSection(ExtensibilityGlobals) = postSolution
		SolutionGuid = {115EA5D2-4C87-402E-BD86-0982EFF3B86F}
	EndGlobalSection
EndGlobal
